
Microsoft Visual Studio Solution File, Format Version 12.00
# Visual Studio Version 17
VisualStudioVersion = 17.5.33530.505
MinimumVisualStudioVersion = 10.0.40219.1
Project("{2150E333-8FDC-42A3-9474-1A3956D46DE8}") = "1.Presentation", "1.Presentation", "{81248D14-9400-4599-BEF9-8BDE462C224A}"
EndProject
Project("{9A19103F-16F7-4668-BE54-9A1E7A4F7556}") = "Cooperchip.ItDeveloper.Mvc", "src\Cooperchip.ItDeveloper.Mvc\Cooperchip.ItDeveloper.Mvc.csproj", "{E2FBB7B4-4F74-41B2-B2A9-A7F297DC51C1}"
EndProject
Project("{2150E333-8FDC-42A3-9474-1A3956D46DE8}") = "3.Domain", "3.Domain", "{0173E917-34BD-4AFC-B5A3-579E046593C9}"
EndProject
Project("{9A19103F-16F7-4668-BE54-9A1E7A4F7556}") = "Cooperchip.ItDeveloper.Domain", "src\Cooperchip.ItDeveloper.Domain\Cooperchip.ItDeveloper.Domain.csproj", "{0F9C1B44-9F7A-4DC3-80DC-D8ED53E2422F}"
EndProject
Project("{2150E333-8FDC-42A3-9474-1A3956D46DE8}") = "4.Infra", "4.Infra", "{0741A5BB-7638-49B9-BA44-E28667C87444}"
EndProject
Project("{FAE04EC0-301F-11D3-BF4B-00C04F79EFBC}") = "Cooperchip.ItDeveloper.Data", "src\Cooperchip.ItDeveloper.Data\Cooperchip.ItDeveloper.Data.csproj", "{DF0E3413-12BB-4D7A-AEED-1B58CCBC3FEF}"
EndProject
Global
	GlobalSection(SolutionConfigurationPlatforms) = preSolution
		Debug|Any CPU = Debug|Any CPU
		Release|Any CPU = Release|Any CPU
	EndGlobalSection
	GlobalSection(ProjectConfigurationPlatforms) = postSolution
		{E2FBB7B4-4F74-41B2-B2A9-A7F297DC51C1}.Debug|Any CPU.ActiveCfg = Debug|Any CPU
		{E2FBB7B4-4F74-41B2-B2A9-A7F297DC51C1}.Debug|Any CPU.Build.0 = Debug|Any CPU
		{E2FBB7B4-4F74-41B2-B2A9-A7F297DC51C1}.Release|Any CPU.ActiveCfg = Release|Any CPU
		{E2FBB7B4-4F74-41B2-B2A9-A7F297DC51C1}.Release|Any CPU.Build.0 = Release|Any CPU
		{0F9C1B44-9F7A-4DC3-80DC-D8ED53E2422F}.Debug|Any CPU.ActiveCfg = Debug|Any CPU
		{0F9C1B44-9F7A-4DC3-80DC-D8ED53E2422F}.Debug|Any CPU.Build.0 = Debug|Any CPU
		{0F9C1B44-9F7A-4DC3-80DC-D8ED53E2422F}.Release|Any CPU.ActiveCfg = Release|Any CPU
		{0F9C1B44-9F7A-4DC3-80DC-D8ED53E2422F}.Release|Any CPU.Build.0 = Release|Any CPU
		{DF0E3413-12BB-4D7A-AEED-1B58CCBC3FEF}.Debug|Any CPU.ActiveCfg = Debug|Any CPU
		{DF0E3413-12BB-4D7A-AEED-1B58CCBC3FEF}.Debug|Any CPU.Build.0 = Debug|Any CPU
		{DF0E3413-12BB-4D7A-AEED-1B58CCBC3FEF}.Release|Any CPU.ActiveCfg = Release|Any CPU
		{DF0E3413-12BB-4D7A-AEED-1B58CCBC3FEF}.Release|Any CPU.Build.0 = Release|Any CPU
	EndGlobalSection
	GlobalSection(SolutionProperties) = preSolution
		HideSolutionNode = FALSE
	EndGlobalSection
	GlobalSection(NestedProjects) = preSolution
		{E2FBB7B4-4F74-41B2-B2A9-A7F297DC51C1} = {81248D14-9400-4599-BEF9-8BDE462C224A}
		{0F9C1B44-9F7A-4DC3-80DC-D8ED53E2422F} = {0173E917-34BD-4AFC-B5A3-579E046593C9}
		{DF0E3413-12BB-4D7A-AEED-1B58CCBC3FEF} = {0741A5BB-7638-49B9-BA44-E28667C87444}
	EndGlobalSection
	GlobalSection(ExtensibilityGlobals) = postSolution
		SolutionGuid = {90A46892-D635-4467-AE94-C8390E173F1A}
	EndGlobalSection
EndGlobal
