
Microsoft Visual Studio Solution File, Format Version 12.00
# Visual Studio Version 17
VisualStudioVersion = 17.5.33530.505
MinimumVisualStudioVersion = 10.0.40219.1
Project("{2150E333-8FDC-42A3-9474-1A3956D46DE8}") = "1.Presentation", "1.Presentation", "{81248D14-9400-4599-BEF9-8BDE462C224A}"
EndProject
Project("{FAE04EC0-301F-11D3-BF4B-00C04F79EFBC}") = "Cooperchip.Demo.Mvc", "src\Cooperchip.Demo.Mvc\Cooperchip.Demo.Mvc.csproj", "{263CCB98-F14A-4A07-84A2-650A30886F90}"
EndProject
Project("{2150E333-8FDC-42A3-9474-1A3956D46DE8}") = "2.Identity", "2.Identity", "{93B2F62F-222F-43B3-8B10-DB57A9FF817A}"
EndProject
Project("{FAE04EC0-301F-11D3-BF4B-00C04F79EFBC}") = "Cooperchip.Demo.Auth", "src\Cooperchip.Demo.Auth\Cooperchip.Demo.Auth.csproj", "{58ED6AAF-83F0-4D02-9E82-68875BC278C6}"
EndProject
Global
	GlobalSection(SolutionConfigurationPlatforms) = preSolution
		Debug|Any CPU = Debug|Any CPU
		Release|Any CPU = Release|Any CPU
	EndGlobalSection
	GlobalSection(ProjectConfigurationPlatforms) = postSolution
		{263CCB98-F14A-4A07-84A2-650A30886F90}.Debug|Any CPU.ActiveCfg = Debug|Any CPU
		{263CCB98-F14A-4A07-84A2-650A30886F90}.Debug|Any CPU.Build.0 = Debug|Any CPU
		{263CCB98-F14A-4A07-84A2-650A30886F90}.Release|Any CPU.ActiveCfg = Release|Any CPU
		{263CCB98-F14A-4A07-84A2-650A30886F90}.Release|Any CPU.Build.0 = Release|Any CPU
		{58ED6AAF-83F0-4D02-9E82-68875BC278C6}.Debug|Any CPU.ActiveCfg = Debug|Any CPU
		{58ED6AAF-83F0-4D02-9E82-68875BC278C6}.Debug|Any CPU.Build.0 = Debug|Any CPU
		{58ED6AAF-83F0-4D02-9E82-68875BC278C6}.Release|Any CPU.ActiveCfg = Release|Any CPU
		{58ED6AAF-83F0-4D02-9E82-68875BC278C6}.Release|Any CPU.Build.0 = Release|Any CPU
	EndGlobalSection
	GlobalSection(SolutionProperties) = preSolution
		HideSolutionNode = FALSE
	EndGlobalSection
	GlobalSection(NestedProjects) = preSolution
		{263CCB98-F14A-4A07-84A2-650A30886F90} = {81248D14-9400-4599-BEF9-8BDE462C224A}
		{58ED6AAF-83F0-4D02-9E82-68875BC278C6} = {93B2F62F-222F-43B3-8B10-DB57A9FF817A}
	EndGlobalSection
	GlobalSection(ExtensibilityGlobals) = postSolution
		SolutionGuid = {90A46892-D635-4467-AE94-C8390E173F1A}
	EndGlobalSection
EndGlobal
